
Microsoft Visual Studio Solution File, Format Version 12.00
# Visual Studio 2013
VisualStudioVersion = 12.0.31101.0
MinimumVisualStudioVersion = 10.0.40219.1
Project("{FAE04EC0-301F-11D3-BF4B-00C04F79EFBC}") = "Problem 1. People", "Problem 1. People\Problem 1. People.csproj", "{F81F84DD-1F36-41E9-AB28-FC7934934DC6}"
EndProject
Project("{FAE04EC0-301F-11D3-BF4B-00C04F79EFBC}") = "Problem 2. Laptop Shop", "Problem 2. Laptop Shop\Problem 2. Laptop Shop.csproj", "{D2D58B0E-9986-47C8-9DE7-4101B8783814}"
EndProject
Global
	GlobalSection(SolutionConfigurationPlatforms) = preSolution
		Debug|Any CPU = Debug|Any CPU
		Release|Any CPU = Release|Any CPU
	EndGlobalSection
	GlobalSection(ProjectConfigurationPlatforms) = postSolution
		{F81F84DD-1F36-41E9-AB28-FC7934934DC6}.Debug|Any CPU.ActiveCfg = Debug|Any CPU
		{F81F84DD-1F36-41E9-AB28-FC7934934DC6}.Debug|Any CPU.Build.0 = Debug|Any CPU
		{F81F84DD-1F36-41E9-AB28-FC7934934DC6}.Release|Any CPU.ActiveCfg = Release|Any CPU
		{F81F84DD-1F36-41E9-AB28-FC7934934DC6}.Release|Any CPU.Build.0 = Release|Any CPU
		{D2D58B0E-9986-47C8-9DE7-4101B8783814}.Debug|Any CPU.ActiveCfg = Debug|Any CPU
		{D2D58B0E-9986-47C8-9DE7-4101B8783814}.Debug|Any CPU.Build.0 = Debug|Any CPU
		{D2D58B0E-9986-47C8-9DE7-4101B8783814}.Release|Any CPU.ActiveCfg = Release|Any CPU
		{D2D58B0E-9986-47C8-9DE7-4101B8783814}.Release|Any CPU.Build.0 = Release|Any CPU
	EndGlobalSection
	GlobalSection(SolutionProperties) = preSolution
		HideSolutionNode = FALSE
	EndGlobalSection
EndGlobal
